
Microsoft Visual Studio Solution File, Format Version 12.00
# Visual Studio Version 17
VisualStudioVersion = 17.6.33712.159
MinimumVisualStudioVersion = 10.0.40219.1
Project("{FAE04EC0-301F-11D3-BF4B-00C04F79EFBC}") = "SistemaMatriculaUniversitaria", "SistemaMatriculaUniversitaria.csproj", "{61781B72-3F75-42AF-91BC-F23DC890BA4D}"
EndProject
Global
	GlobalSection(SolutionConfigurationPlatforms) = preSolution
		Debug|Any CPU = Debug|Any CPU
		Release|Any CPU = Release|Any CPU
	EndGlobalSection
	GlobalSection(ProjectConfigurationPlatforms) = postSolution
		{61781B72-3F75-42AF-91BC-F23DC890BA4D}.Debug|Any CPU.ActiveCfg = Debug|Any CPU
		{61781B72-3F75-42AF-91BC-F23DC890BA4D}.Debug|Any CPU.Build.0 = Debug|Any CPU
		{61781B72-3F75-42AF-91BC-F23DC890BA4D}.Release|Any CPU.ActiveCfg = Release|Any CPU
		{61781B72-3F75-42AF-91BC-F23DC890BA4D}.Release|Any CPU.Build.0 = Release|Any CPU
	EndGlobalSection
	GlobalSection(SolutionProperties) = preSolution
		HideSolutionNode = FALSE
	EndGlobalSection
	GlobalSection(ExtensibilityGlobals) = postSolution
		SolutionGuid = {DFD55FAC-D913-4C18-9591-A472FA2F2AF3}
	EndGlobalSection
EndGlobal
